
Microsoft Visual Studio Solution File, Format Version 12.00
# Visual Studio Version 17
VisualStudioVersion = 17.10.35122.118
MinimumVisualStudioVersion = 10.0.40219.1
Project("{8BC9CEB8-8B4A-11D0-8D11-00A0C91BC942}") = "game_of_sanziji", "game_of_sanziji\game_of_sanziji.vcxproj", "{E2F49FA5-5A67-46FF-A384-959979D09DB6}"
EndProject
Global
	GlobalSection(SolutionConfigurationPlatforms) = preSolution
		Debug|x64 = Debug|x64
		Debug|x86 = Debug|x86
		Release|x64 = Release|x64
		Release|x86 = Release|x86
	EndGlobalSection
	GlobalSection(ProjectConfigurationPlatforms) = postSolution
		{E2F49FA5-5A67-46FF-A384-959979D09DB6}.Debug|x64.ActiveCfg = Debug|x64
		{E2F49FA5-5A67-46FF-A384-959979D09DB6}.Debug|x64.Build.0 = Debug|x64
		{E2F49FA5-5A67-46FF-A384-959979D09DB6}.Debug|x86.ActiveCfg = Debug|Win32
		{E2F49FA5-5A67-46FF-A384-959979D09DB6}.Debug|x86.Build.0 = Debug|Win32
		{E2F49FA5-5A67-46FF-A384-959979D09DB6}.Release|x64.ActiveCfg = Release|x64
		{E2F49FA5-5A67-46FF-A384-959979D09DB6}.Release|x64.Build.0 = Release|x64
		{E2F49FA5-5A67-46FF-A384-959979D09DB6}.Release|x86.ActiveCfg = Release|Win32
		{E2F49FA5-5A67-46FF-A384-959979D09DB6}.Release|x86.Build.0 = Release|Win32
	EndGlobalSection
	GlobalSection(SolutionProperties) = preSolution
		HideSolutionNode = FALSE
	EndGlobalSection
	GlobalSection(ExtensibilityGlobals) = postSolution
		SolutionGuid = {0C0F6C5B-75B7-48AC-9C71-2BC6778A8A9C}
	EndGlobalSection
EndGlobal
